
Microsoft Visual Studio Solution File, Format Version 12.00
# Visual Studio Version 17
VisualStudioVersion = 17.1.32407.343
MinimumVisualStudioVersion = 10.0.40219.1
Project("{FAE04EC0-301F-11D3-BF4B-00C04F79EFBC}") = "FastqToBamV", "FastqToBamV\FastqToBamV.csproj", "{F457B517-29F2-4C91-9145-373AA4EB141D}"
EndProject
Global
	GlobalSection(SolutionConfigurationPlatforms) = preSolution
		Debug|Any CPU = Debug|Any CPU
		Debug|x64 = Debug|x64
		Release|Any CPU = Release|Any CPU
		Release|x64 = Release|x64
	EndGlobalSection
	GlobalSection(ProjectConfigurationPlatforms) = postSolution
		{F457B517-29F2-4C91-9145-373AA4EB141D}.Debug|Any CPU.ActiveCfg = Debug|Any CPU
		{F457B517-29F2-4C91-9145-373AA4EB141D}.Debug|Any CPU.Build.0 = Debug|Any CPU
		{F457B517-29F2-4C91-9145-373AA4EB141D}.Debug|x64.ActiveCfg = Debug|x64
		{F457B517-29F2-4C91-9145-373AA4EB141D}.Debug|x64.Build.0 = Debug|x64
		{F457B517-29F2-4C91-9145-373AA4EB141D}.Release|Any CPU.ActiveCfg = Release|Any CPU
		{F457B517-29F2-4C91-9145-373AA4EB141D}.Release|Any CPU.Build.0 = Release|Any CPU
		{F457B517-29F2-4C91-9145-373AA4EB141D}.Release|x64.ActiveCfg = Release|x64
		{F457B517-29F2-4C91-9145-373AA4EB141D}.Release|x64.Build.0 = Release|x64
	EndGlobalSection
	GlobalSection(SolutionProperties) = preSolution
		HideSolutionNode = FALSE
	EndGlobalSection
	GlobalSection(ExtensibilityGlobals) = postSolution
		SolutionGuid = {6D0B1AAB-339A-4934-8BED-DA5F7C744CC9}
	EndGlobalSection
EndGlobal
